
Microsoft Visual Studio Solution File, Format Version 12.00
# Visual Studio Version 16
VisualStudioVersion = 16.0.31205.134
MinimumVisualStudioVersion = 10.0.40219.1
Project("{FAE04EC0-301F-11D3-BF4B-00C04F79EFBC}") = "websitepage", "websitepage.csproj", "{818C8D28-A5A2-446C-9501-E761B531CAB5}"
EndProject
Global
	GlobalSection(SolutionConfigurationPlatforms) = preSolution
		Debug|Any CPU = Debug|Any CPU
		Release|Any CPU = Release|Any CPU
	EndGlobalSection
	GlobalSection(ProjectConfigurationPlatforms) = postSolution
		{818C8D28-A5A2-446C-9501-E761B531CAB5}.Debug|Any CPU.ActiveCfg = Debug|Any CPU
		{818C8D28-A5A2-446C-9501-E761B531CAB5}.Debug|Any CPU.Build.0 = Debug|Any CPU
		{818C8D28-A5A2-446C-9501-E761B531CAB5}.Release|Any CPU.ActiveCfg = Release|Any CPU
		{818C8D28-A5A2-446C-9501-E761B531CAB5}.Release|Any CPU.Build.0 = Release|Any CPU
	EndGlobalSection
	GlobalSection(SolutionProperties) = preSolution
		HideSolutionNode = FALSE
	EndGlobalSection
	GlobalSection(ExtensibilityGlobals) = postSolution
		SolutionGuid = {86876DAF-B2F6-43BA-9845-AC1F693EAB8C}
	EndGlobalSection
EndGlobal
